
Microsoft Visual Studio Solution File, Format Version 12.00
# Visual Studio Version 17
VisualStudioVersion = 17.7.34024.191
MinimumVisualStudioVersion = 10.0.40219.1
Project("{FAE04EC0-301F-11D3-BF4B-00C04F79EFBC}") = "OOP_Assignment1_MemoryMatch", "OOP_Assignment1_MemoryMatch\OOP_Assignment1_MemoryMatch.csproj", "{37231539-3621-42AC-BE60-258F5335DB91}"
EndProject
Global
	GlobalSection(SolutionConfigurationPlatforms) = preSolution
		Debug|Any CPU = Debug|Any CPU
		Release|Any CPU = Release|Any CPU
	EndGlobalSection
	GlobalSection(ProjectConfigurationPlatforms) = postSolution
		{37231539-3621-42AC-BE60-258F5335DB91}.Debug|Any CPU.ActiveCfg = Debug|Any CPU
		{37231539-3621-42AC-BE60-258F5335DB91}.Debug|Any CPU.Build.0 = Debug|Any CPU
		{37231539-3621-42AC-BE60-258F5335DB91}.Release|Any CPU.ActiveCfg = Release|Any CPU
		{37231539-3621-42AC-BE60-258F5335DB91}.Release|Any CPU.Build.0 = Release|Any CPU
	EndGlobalSection
	GlobalSection(SolutionProperties) = preSolution
		HideSolutionNode = FALSE
	EndGlobalSection
	GlobalSection(ExtensibilityGlobals) = postSolution
		SolutionGuid = {852A185F-C439-405D-8BDA-B035232C607F}
	EndGlobalSection
EndGlobal
